// !$*UTF8*$!
{
	archiveVersion = 1;
	classes = {
	};
	objectVersion = 55;
	objects = {

/* Begin PBXBuildFile section */
		37D6B55131776D93C62244DB /* Pods_SoftxpertTaskTests.framework in Frameworks */ = {isa = PBXBuildFile; fileRef = 2400D378DD8C26FE3865A9D4 /* Pods_SoftxpertTaskTests.framework */; };
		4106BA632804B35B0018B2CB /* AppDelegate.swift in Sources */ = {isa = PBXBuildFile; fileRef = 4106BA622804B35B0018B2CB /* AppDelegate.swift */; };
		4106BA652804B35B0018B2CB /* SceneDelegate.swift in Sources */ = {isa = PBXBuildFile; fileRef = 4106BA642804B35B0018B2CB /* SceneDelegate.swift */; };
		4106BA672804B35B0018B2CB /* ViewController.swift in Sources */ = {isa = PBXBuildFile; fileRef = 4106BA662804B35B0018B2CB /* ViewController.swift */; };
		4106BA6A2804B35B0018B2CB /* Main.storyboard in Resources */ = {isa = PBXBuildFile; fileRef = 4106BA682804B35B0018B2CB /* Main.storyboard */; };
		4106BA6C2804B35E0018B2CB /* Assets.xcassets in Resources */ = {isa = PBXBuildFile; fileRef = 4106BA6B2804B35E0018B2CB /* Assets.xcassets */; };
		4106BA6F2804B35E0018B2CB /* LaunchScreen.storyboard in Resources */ = {isa = PBXBuildFile; fileRef = 4106BA6D2804B35E0018B2CB /* LaunchScreen.storyboard */; };
		4106BA7A2804B35E0018B2CB /* SoftxpertTaskTests.swift in Sources */ = {isa = PBXBuildFile; fileRef = 4106BA792804B35E0018B2CB /* SoftxpertTaskTests.swift */; };
		4106BA842804B35E0018B2CB /* SoftxpertTaskUITests.swift in Sources */ = {isa = PBXBuildFile; fileRef = 4106BA832804B35E0018B2CB /* SoftxpertTaskUITests.swift */; };
		4106BA862804B35E0018B2CB /* SoftxpertTaskUITestsLaunchTests.swift in Sources */ = {isa = PBXBuildFile; fileRef = 4106BA852804B35E0018B2CB /* SoftxpertTaskUITestsLaunchTests.swift */; };
		412650912808A6EB00D7FB2E /* SearchVC.swift in Sources */ = {isa = PBXBuildFile; fileRef = 412650902808A6EB00D7FB2E /* SearchVC.swift */; };
		412650932808A73800D7FB2E /* Recipe.swift in Sources */ = {isa = PBXBuildFile; fileRef = 412650922808A73800D7FB2E /* Recipe.swift */; };
		412650952808A7DD00D7FB2E /* Constants.swift in Sources */ = {isa = PBXBuildFile; fileRef = 412650942808A7DD00D7FB2E /* Constants.swift */; };
		412650972808AD2A00D7FB2E /* UserDefaultsManager.swift in Sources */ = {isa = PBXBuildFile; fileRef = 412650962808AD2A00D7FB2E /* UserDefaultsManager.swift */; };
		4126509B2808B2C700D7FB2E /* DetailsVC.swift in Sources */ = {isa = PBXBuildFile; fileRef = 4126509A2808B2C700D7FB2E /* DetailsVC.swift */; };
		4126509F2808B34800D7FB2E /* RecipeCell.swift in Sources */ = {isa = PBXBuildFile; fileRef = 4126509D2808B34800D7FB2E /* RecipeCell.swift */; };
		412650A02808B34800D7FB2E /* RecipeCell.xib in Resources */ = {isa = PBXBuildFile; fileRef = 4126509E2808B34800D7FB2E /* RecipeCell.xib */; };
		412650A32808B37A00D7FB2E /* FilterCell.swift in Sources */ = {isa = PBXBuildFile; fileRef = 412650A12808B37A00D7FB2E /* FilterCell.swift */; };
		412650A42808B37A00D7FB2E /* FilterCell.xib in Resources */ = {isa = PBXBuildFile; fileRef = 412650A22808B37A00D7FB2E /* FilterCell.xib */; };
		412650A72808B3A000D7FB2E /* SuggestionCell.swift in Sources */ = {isa = PBXBuildFile; fileRef = 412650A52808B3A000D7FB2E /* SuggestionCell.swift */; };
		412650A82808B3A000D7FB2E /* SuggestionCell.xib in Resources */ = {isa = PBXBuildFile; fileRef = 412650A62808B3A000D7FB2E /* SuggestionCell.xib */; };
		417474BB2808C92F00AAAB95 /* UITableView+Extensions.swift in Sources */ = {isa = PBXBuildFile; fileRef = 417474BA2808C92F00AAAB95 /* UITableView+Extensions.swift */; };
		417474BD2808C94400AAAB95 /* UICollectionView+Extensions.swift in Sources */ = {isa = PBXBuildFile; fileRef = 417474BC2808C94400AAAB95 /* UICollectionView+Extensions.swift */; };
		4178A8782808EB5A00EA7E85 /* SearchPresenter.swift in Sources */ = {isa = PBXBuildFile; fileRef = 4178A8772808EB5A00EA7E85 /* SearchPresenter.swift */; };
		4178A87A2808EBAF00EA7E85 /* SearchInteractor.swift in Sources */ = {isa = PBXBuildFile; fileRef = 4178A8792808EBAF00EA7E85 /* SearchInteractor.swift */; };
		4178A87C2808EBC400EA7E85 /* SearchRouter.swift in Sources */ = {isa = PBXBuildFile; fileRef = 4178A87B2808EBC400EA7E85 /* SearchRouter.swift */; };
		4178A87E2808EC8100EA7E85 /* SearchProtocols.swift in Sources */ = {isa = PBXBuildFile; fileRef = 4178A87D2808EC8100EA7E85 /* SearchProtocols.swift */; };
		4178A88128090A7B00EA7E85 /* RecipeViewModel.swift in Sources */ = {isa = PBXBuildFile; fileRef = 4178A88028090A7B00EA7E85 /* RecipeViewModel.swift */; };
		4178A8832809932D00EA7E85 /* RecipeAPIManager.swift in Sources */ = {isa = PBXBuildFile; fileRef = 4178A8822809932D00EA7E85 /* RecipeAPIManager.swift */; };
		4178A8852809C1FE00EA7E85 /* SearchVC+TableViews.swift in Sources */ = {isa = PBXBuildFile; fileRef = 4178A8842809C1FE00EA7E85 /* SearchVC+TableViews.swift */; };
		4178A8872809C21300EA7E85 /* SearchVC+CollectionView.swift in Sources */ = {isa = PBXBuildFile; fileRef = 4178A8862809C21300EA7E85 /* SearchVC+CollectionView.swift */; };
		4178A8892809F53400EA7E85 /* FilterViewModel.swift in Sources */ = {isa = PBXBuildFile; fileRef = 4178A8882809F53400EA7E85 /* FilterViewModel.swift */; };
		8A68E1236C72B38F8DBA6828 /* Pods_SoftxpertTask_SoftxpertTaskUITests.framework in Frameworks */ = {isa = PBXBuildFile; fileRef = 4FBF4F8CAC7E3B2A393A9EC5 /* Pods_SoftxpertTask_SoftxpertTaskUITests.framework */; };
		B5450825BCE8D28BFCA3DED4 /* Pods_SoftxpertTask.framework in Frameworks */ = {isa = PBXBuildFile; fileRef = 3094297381F59B567F4A2C91 /* Pods_SoftxpertTask.framework */; };
/* End PBXBuildFile section */

/* Begin PBXContainerItemProxy section */
		4106BA762804B35E0018B2CB /* PBXContainerItemProxy */ = {
			isa = PBXContainerItemProxy;
			containerPortal = 4106BA572804B35B0018B2CB /* Project object */;
			proxyType = 1;
			remoteGlobalIDString = 4106BA5E2804B35B0018B2CB;
			remoteInfo = SoftxpertTask;
		};
		4106BA802804B35E0018B2CB /* PBXContainerItemProxy */ = {
			isa = PBXContainerItemProxy;
			containerPortal = 4106BA572804B35B0018B2CB /* Project object */;
			proxyType = 1;
			remoteGlobalIDString = 4106BA5E2804B35B0018B2CB;
			remoteInfo = SoftxpertTask;
		};
/* End PBXContainerItemProxy section */

/* Begin PBXFileReference section */
		024B341DDA457512A06ACA42 /* Pods-SoftxpertTask.debug.xcconfig */ = {isa = PBXFileReference; includeInIndex = 1; lastKnownFileType = text.xcconfig; name = "Pods-SoftxpertTask.debug.xcconfig"; path = "Target Support Files/Pods-SoftxpertTask/Pods-SoftxpertTask.debug.xcconfig"; sourceTree = "<group>"; };
		1E5C4526E918731BF795739D /* Pods-SoftxpertTask-SoftxpertTaskUITests.debug.xcconfig */ = {isa = PBXFileReference; includeInIndex = 1; lastKnownFileType = text.xcconfig; name = "Pods-SoftxpertTask-SoftxpertTaskUITests.debug.xcconfig"; path = "Target Support Files/Pods-SoftxpertTask-SoftxpertTaskUITests/Pods-SoftxpertTask-SoftxpertTaskUITests.debug.xcconfig"; sourceTree = "<group>"; };
		2400D378DD8C26FE3865A9D4 /* Pods_SoftxpertTaskTests.framework */ = {isa = PBXFileReference; explicitFileType = wrapper.framework; includeInIndex = 0; path = Pods_SoftxpertTaskTests.framework; sourceTree = BUILT_PRODUCTS_DIR; };
		241F599020E363548AF1A78C /* Pods-SoftxpertTaskTests.release.xcconfig */ = {isa = PBXFileReference; includeInIndex = 1; lastKnownFileType = text.xcconfig; name = "Pods-SoftxpertTaskTests.release.xcconfig"; path = "Target Support Files/Pods-SoftxpertTaskTests/Pods-SoftxpertTaskTests.release.xcconfig"; sourceTree = "<group>"; };
		3094297381F59B567F4A2C91 /* Pods_SoftxpertTask.framework */ = {isa = PBXFileReference; explicitFileType = wrapper.framework; includeInIndex = 0; path = Pods_SoftxpertTask.framework; sourceTree = BUILT_PRODUCTS_DIR; };
		4106BA5F2804B35B0018B2CB /* SoftxpertTask.app */ = {isa = PBXFileReference; explicitFileType = wrapper.application; includeInIndex = 0; path = SoftxpertTask.app; sourceTree = BUILT_PRODUCTS_DIR; };
		4106BA622804B35B0018B2CB /* AppDelegate.swift */ = {isa = PBXFileReference; lastKnownFileType = sourcecode.swift; path = AppDelegate.swift; sourceTree = "<group>"; };
		4106BA642804B35B0018B2CB /* SceneDelegate.swift */ = {isa = PBXFileReference; lastKnownFileType = sourcecode.swift; path = SceneDelegate.swift; sourceTree = "<group>"; };
		4106BA662804B35B0018B2CB /* ViewController.swift */ = {isa = PBXFileReference; lastKnownFileType = sourcecode.swift; path = ViewController.swift; sourceTree = "<group>"; };
		4106BA692804B35B0018B2CB /* Base */ = {isa = PBXFileReference; lastKnownFileType = file.storyboard; name = Base; path = Base.lproj/Main.storyboard; sourceTree = "<group>"; };
		4106BA6B2804B35E0018B2CB /* Assets.xcassets */ = {isa = PBXFileReference; lastKnownFileType = folder.assetcatalog; path = Assets.xcassets; sourceTree = "<group>"; };
		4106BA6E2804B35E0018B2CB /* Base */ = {isa = PBXFileReference; lastKnownFileType = file.storyboard; name = Base; path = Base.lproj/LaunchScreen.storyboard; sourceTree = "<group>"; };
		4106BA702804B35E0018B2CB /* Info.plist */ = {isa = PBXFileReference; lastKnownFileType = text.plist.xml; path = Info.plist; sourceTree = "<group>"; };
		4106BA752804B35E0018B2CB /* SoftxpertTaskTests.xctest */ = {isa = PBXFileReference; explicitFileType = wrapper.cfbundle; includeInIndex = 0; path = SoftxpertTaskTests.xctest; sourceTree = BUILT_PRODUCTS_DIR; };
		4106BA792804B35E0018B2CB /* SoftxpertTaskTests.swift */ = {isa = PBXFileReference; lastKnownFileType = sourcecode.swift; path = SoftxpertTaskTests.swift; sourceTree = "<group>"; };
		4106BA7F2804B35E0018B2CB /* SoftxpertTaskUITests.xctest */ = {isa = PBXFileReference; explicitFileType = wrapper.cfbundle; includeInIndex = 0; path = SoftxpertTaskUITests.xctest; sourceTree = BUILT_PRODUCTS_DIR; };
		4106BA832804B35E0018B2CB /* SoftxpertTaskUITests.swift */ = {isa = PBXFileReference; lastKnownFileType = sourcecode.swift; path = SoftxpertTaskUITests.swift; sourceTree = "<group>"; };
		4106BA852804B35E0018B2CB /* SoftxpertTaskUITestsLaunchTests.swift */ = {isa = PBXFileReference; lastKnownFileType = sourcecode.swift; path = SoftxpertTaskUITestsLaunchTests.swift; sourceTree = "<group>"; };
		412650902808A6EB00D7FB2E /* SearchVC.swift */ = {isa = PBXFileReference; lastKnownFileType = sourcecode.swift; path = SearchVC.swift; sourceTree = "<group>"; };
		412650922808A73800D7FB2E /* Recipe.swift */ = {isa = PBXFileReference; lastKnownFileType = sourcecode.swift; path = Recipe.swift; sourceTree = "<group>"; };
		412650942808A7DD00D7FB2E /* Constants.swift */ = {isa = PBXFileReference; lastKnownFileType = sourcecode.swift; path = Constants.swift; sourceTree = "<group>"; };
		412650962808AD2A00D7FB2E /* UserDefaultsManager.swift */ = {isa = PBXFileReference; lastKnownFileType = sourcecode.swift; path = UserDefaultsManager.swift; sourceTree = "<group>"; };
		4126509A2808B2C700D7FB2E /* DetailsVC.swift */ = {isa = PBXFileReference; lastKnownFileType = sourcecode.swift; path = DetailsVC.swift; sourceTree = "<group>"; };
		4126509D2808B34800D7FB2E /* RecipeCell.swift */ = {isa = PBXFileReference; lastKnownFileType = sourcecode.swift; path = RecipeCell.swift; sourceTree = "<group>"; };
		4126509E2808B34800D7FB2E /* RecipeCell.xib */ = {isa = PBXFileReference; lastKnownFileType = file.xib; path = RecipeCell.xib; sourceTree = "<group>"; };
		412650A12808B37A00D7FB2E /* FilterCell.swift */ = {isa = PBXFileReference; lastKnownFileType = sourcecode.swift; path = FilterCell.swift; sourceTree = "<group>"; };
		412650A22808B37A00D7FB2E /* FilterCell.xib */ = {isa = PBXFileReference; lastKnownFileType = file.xib; path = FilterCell.xib; sourceTree = "<group>"; };
		412650A52808B3A000D7FB2E /* SuggestionCell.swift */ = {isa = PBXFileReference; lastKnownFileType = sourcecode.swift; path = SuggestionCell.swift; sourceTree = "<group>"; };
		412650A62808B3A000D7FB2E /* SuggestionCell.xib */ = {isa = PBXFileReference; lastKnownFileType = file.xib; path = SuggestionCell.xib; sourceTree = "<group>"; };
		417474BA2808C92F00AAAB95 /* UITableView+Extensions.swift */ = {isa = PBXFileReference; lastKnownFileType = sourcecode.swift; path = "UITableView+Extensions.swift"; sourceTree = "<group>"; };
		417474BC2808C94400AAAB95 /* UICollectionView+Extensions.swift */ = {isa = PBXFileReference; lastKnownFileType = sourcecode.swift; path = "UICollectionView+Extensions.swift"; sourceTree = "<group>"; };
		4178A8772808EB5A00EA7E85 /* SearchPresenter.swift */ = {isa = PBXFileReference; lastKnownFileType = sourcecode.swift; path = SearchPresenter.swift; sourceTree = "<group>"; };
		4178A8792808EBAF00EA7E85 /* SearchInteractor.swift */ = {isa = PBXFileReference; lastKnownFileType = sourcecode.swift; path = SearchInteractor.swift; sourceTree = "<group>"; };
		4178A87B2808EBC400EA7E85 /* SearchRouter.swift */ = {isa = PBXFileReference; lastKnownFileType = sourcecode.swift; path = SearchRouter.swift; sourceTree = "<group>"; };
		4178A87D2808EC8100EA7E85 /* SearchProtocols.swift */ = {isa = PBXFileReference; lastKnownFileType = sourcecode.swift; path = SearchProtocols.swift; sourceTree = "<group>"; };
		4178A88028090A7B00EA7E85 /* RecipeViewModel.swift */ = {isa = PBXFileReference; lastKnownFileType = sourcecode.swift; path = RecipeViewModel.swift; sourceTree = "<group>"; };
		4178A8822809932D00EA7E85 /* RecipeAPIManager.swift */ = {isa = PBXFileReference; lastKnownFileType = sourcecode.swift; path = RecipeAPIManager.swift; sourceTree = "<group>"; };
		4178A8842809C1FE00EA7E85 /* SearchVC+TableViews.swift */ = {isa = PBXFileReference; lastKnownFileType = sourcecode.swift; path = "SearchVC+TableViews.swift"; sourceTree = "<group>"; };
		4178A8862809C21300EA7E85 /* SearchVC+CollectionView.swift */ = {isa = PBXFileReference; lastKnownFileType = sourcecode.swift; path = "SearchVC+CollectionView.swift"; sourceTree = "<group>"; };
		4178A8882809F53400EA7E85 /* FilterViewModel.swift */ = {isa = PBXFileReference; lastKnownFileType = sourcecode.swift; path = FilterViewModel.swift; sourceTree = "<group>"; };
		4FBF4F8CAC7E3B2A393A9EC5 /* Pods_SoftxpertTask_SoftxpertTaskUITests.framework */ = {isa = PBXFileReference; explicitFileType = wrapper.framework; includeInIndex = 0; path = Pods_SoftxpertTask_SoftxpertTaskUITests.framework; sourceTree = BUILT_PRODUCTS_DIR; };
		6B4B18A0FF0DC90850F8AAED /* Pods-SoftxpertTask-SoftxpertTaskUITests.release.xcconfig */ = {isa = PBXFileReference; includeInIndex = 1; lastKnownFileType = text.xcconfig; name = "Pods-SoftxpertTask-SoftxpertTaskUITests.release.xcconfig"; path = "Target Support Files/Pods-SoftxpertTask-SoftxpertTaskUITests/Pods-SoftxpertTask-SoftxpertTaskUITests.release.xcconfig"; sourceTree = "<group>"; };
		DB3382D2E325D00C0AC0B0BE /* Pods-SoftxpertTask.release.xcconfig */ = {isa = PBXFileReference; includeInIndex = 1; lastKnownFileType = text.xcconfig; name = "Pods-SoftxpertTask.release.xcconfig"; path = "Target Support Files/Pods-SoftxpertTask/Pods-SoftxpertTask.release.xcconfig"; sourceTree = "<group>"; };
		F20BB50A6DA70BFE5A09E8E8 /* Pods-SoftxpertTaskTests.debug.xcconfig */ = {isa = PBXFileReference; includeInIndex = 1; lastKnownFileType = text.xcconfig; name = "Pods-SoftxpertTaskTests.debug.xcconfig"; path = "Target Support Files/Pods-SoftxpertTaskTests/Pods-SoftxpertTaskTests.debug.xcconfig"; sourceTree = "<group>"; };
/* End PBXFileReference section */

/* Begin PBXFrameworksBuildPhase section */
		4106BA5C2804B35B0018B2CB /* Frameworks */ = {
			isa = PBXFrameworksBuildPhase;
			buildActionMask = 2147483647;
			files = (
				B5450825BCE8D28BFCA3DED4 /* Pods_SoftxpertTask.framework in Frameworks */,
			);
			runOnlyForDeploymentPostprocessing = 0;
		};
		4106BA722804B35E0018B2CB /* Frameworks */ = {
			isa = PBXFrameworksBuildPhase;
			buildActionMask = 2147483647;
			files = (
				37D6B55131776D93C62244DB /* Pods_SoftxpertTaskTests.framework in Frameworks */,
			);
			runOnlyForDeploymentPostprocessing = 0;
		};
		4106BA7C2804B35E0018B2CB /* Frameworks */ = {
			isa = PBXFrameworksBuildPhase;
			buildActionMask = 2147483647;
			files = (
				8A68E1236C72B38F8DBA6828 /* Pods_SoftxpertTask_SoftxpertTaskUITests.framework in Frameworks */,
			);
			runOnlyForDeploymentPostprocessing = 0;
		};
/* End PBXFrameworksBuildPhase section */

/* Begin PBXGroup section */
		4106BA562804B35B0018B2CB = {
			isa = PBXGroup;
			children = (
				4106BA612804B35B0018B2CB /* SoftxpertTask */,
				4106BA782804B35E0018B2CB /* SoftxpertTaskTests */,
				4106BA822804B35E0018B2CB /* SoftxpertTaskUITests */,
				4106BA602804B35B0018B2CB /* Products */,
				5D1DC1D410F66B8D42410C82 /* Pods */,
				7DAA237514255D5FBD59B212 /* Frameworks */,
			);
			sourceTree = "<group>";
		};
		4106BA602804B35B0018B2CB /* Products */ = {
			isa = PBXGroup;
			children = (
				4106BA5F2804B35B0018B2CB /* SoftxpertTask.app */,
				4106BA752804B35E0018B2CB /* SoftxpertTaskTests.xctest */,
				4106BA7F2804B35E0018B2CB /* SoftxpertTaskUITests.xctest */,
			);
			name = Products;
			sourceTree = "<group>";
		};
		4106BA612804B35B0018B2CB /* SoftxpertTask */ = {
			isa = PBXGroup;
			children = (
				4106BA922804B7280018B2CB /* App */,
				4106BA932804B7350018B2CB /* Common */,
				4178A87F2808FACA00EA7E85 /* Networking */,
				4106BA942804B74B0018B2CB /* Modules */,
				4106BA662804B35B0018B2CB /* ViewController.swift */,
				4106BA682804B35B0018B2CB /* Main.storyboard */,
				4106BA6B2804B35E0018B2CB /* Assets.xcassets */,
				4106BA6D2804B35E0018B2CB /* LaunchScreen.storyboard */,
				4106BA702804B35E0018B2CB /* Info.plist */,
			);
			path = SoftxpertTask;
			sourceTree = "<group>";
		};
		4106BA782804B35E0018B2CB /* SoftxpertTaskTests */ = {
			isa = PBXGroup;
			children = (
				4106BA792804B35E0018B2CB /* SoftxpertTaskTests.swift */,
			);
			path = SoftxpertTaskTests;
			sourceTree = "<group>";
		};
		4106BA822804B35E0018B2CB /* SoftxpertTaskUITests */ = {
			isa = PBXGroup;
			children = (
				4106BA832804B35E0018B2CB /* SoftxpertTaskUITests.swift */,
				4106BA852804B35E0018B2CB /* SoftxpertTaskUITestsLaunchTests.swift */,
			);
			path = SoftxpertTaskUITests;
			sourceTree = "<group>";
		};
		4106BA922804B7280018B2CB /* App */ = {
			isa = PBXGroup;
			children = (
				4106BA622804B35B0018B2CB /* AppDelegate.swift */,
				4106BA642804B35B0018B2CB /* SceneDelegate.swift */,
			);
			path = App;
			sourceTree = "<group>";
		};
		4106BA932804B7350018B2CB /* Common */ = {
			isa = PBXGroup;
			children = (
				4106BA962804B8600018B2CB /* Utilities */,
				417474BE2808D32A00AAAB95 /* Helpers */,
				4106BA952804B8580018B2CB /* Extensions */,
				4106BAA52804BB900018B2CB /* Managers */,
			);
			path = Common;
			sourceTree = "<group>";
		};
		4106BA942804B74B0018B2CB /* Modules */ = {
			isa = PBXGroup;
			children = (
				4106BA972804B8700018B2CB /* Search */,
				4106BA9D2804B8B80018B2CB /* Details */,
			);
			path = Modules;
			sourceTree = "<group>";
		};
		4106BA952804B8580018B2CB /* Extensions */ = {
			isa = PBXGroup;
			children = (
				417474BA2808C92F00AAAB95 /* UITableView+Extensions.swift */,
				417474BC2808C94400AAAB95 /* UICollectionView+Extensions.swift */,
			);
			path = Extensions;
			sourceTree = "<group>";
		};
		4106BA962804B8600018B2CB /* Utilities */ = {
			isa = PBXGroup;
			children = (
				412650942808A7DD00D7FB2E /* Constants.swift */,
			);
			path = Utilities;
			sourceTree = "<group>";
		};
		4106BA972804B8700018B2CB /* Search */ = {
			isa = PBXGroup;
			children = (
				4106BA982804B8780018B2CB /* View */,
				4106BA992804B87D0018B2CB /* Interactor */,
				4106BA9A2804B8840018B2CB /* Presenter */,
				4106BA9B2804B88B0018B2CB /* Entity */,
				4106BA9C2804B8920018B2CB /* Router */,
				4106BAA62804BBA60018B2CB /* Protocols */,
			);
			path = Search;
			sourceTree = "<group>";
		};
		4106BA982804B8780018B2CB /* View */ = {
			isa = PBXGroup;
			children = (
				412650902808A6EB00D7FB2E /* SearchVC.swift */,
				4178A8842809C1FE00EA7E85 /* SearchVC+TableViews.swift */,
				4178A8862809C21300EA7E85 /* SearchVC+CollectionView.swift */,
				4126509C2808B32000D7FB2E /* Cells */,
			);
			path = View;
			sourceTree = "<group>";
		};
		4106BA992804B87D0018B2CB /* Interactor */ = {
			isa = PBXGroup;
			children = (
				4178A8792808EBAF00EA7E85 /* SearchInteractor.swift */,
			);
			path = Interactor;
			sourceTree = "<group>";
		};
		4106BA9A2804B8840018B2CB /* Presenter */ = {
			isa = PBXGroup;
			children = (
				4178A8772808EB5A00EA7E85 /* SearchPresenter.swift */,
			);
			path = Presenter;
			sourceTree = "<group>";
		};
		4106BA9B2804B88B0018B2CB /* Entity */ = {
			isa = PBXGroup;
			children = (
				412650922808A73800D7FB2E /* Recipe.swift */,
				4178A88028090A7B00EA7E85 /* RecipeViewModel.swift */,
				4178A8882809F53400EA7E85 /* FilterViewModel.swift */,
			);
			path = Entity;
			sourceTree = "<group>";
		};
		4106BA9C2804B8920018B2CB /* Router */ = {
			isa = PBXGroup;
			children = (
				4178A87B2808EBC400EA7E85 /* SearchRouter.swift */,
			);
			path = Router;
			sourceTree = "<group>";
		};
		4106BA9D2804B8B80018B2CB /* Details */ = {
			isa = PBXGroup;
			children = (
				4106BA9F2804B8E10018B2CB /* View */,
				4106BAA32804B9030018B2CB /* Interactor */,
				4106BAA22804B8FB0018B2CB /* Presenter */,
				4106BAA12804B8EF0018B2CB /* Entity */,
				4106BAA02804B8E60018B2CB /* Router */,
				4106BAA72804BBBC0018B2CB /* Protocols */,
			);
			path = Details;
			sourceTree = "<group>";
		};
		4106BA9F2804B8E10018B2CB /* View */ = {
			isa = PBXGroup;
			children = (
				4126509A2808B2C700D7FB2E /* DetailsVC.swift */,
			);
			path = View;
			sourceTree = "<group>";
		};
		4106BAA02804B8E60018B2CB /* Router */ = {
			isa = PBXGroup;
			children = (
			);
			path = Router;
			sourceTree = "<group>";
		};
		4106BAA12804B8EF0018B2CB /* Entity */ = {
			isa = PBXGroup;
			children = (
			);
			path = Entity;
			sourceTree = "<group>";
		};
		4106BAA22804B8FB0018B2CB /* Presenter */ = {
			isa = PBXGroup;
			children = (
			);
			path = Presenter;
			sourceTree = "<group>";
		};
		4106BAA32804B9030018B2CB /* Interactor */ = {
			isa = PBXGroup;
			children = (
			);
			path = Interactor;
			sourceTree = "<group>";
		};
		4106BAA52804BB900018B2CB /* Managers */ = {
			isa = PBXGroup;
			children = (
				412650962808AD2A00D7FB2E /* UserDefaultsManager.swift */,
			);
			path = Managers;
			sourceTree = "<group>";
		};
		4106BAA62804BBA60018B2CB /* Protocols */ = {
			isa = PBXGroup;
			children = (
				4178A87D2808EC8100EA7E85 /* SearchProtocols.swift */,
			);
			path = Protocols;
			sourceTree = "<group>";
		};
		4106BAA72804BBBC0018B2CB /* Protocols */ = {
			isa = PBXGroup;
			children = (
			);
			path = Protocols;
			sourceTree = "<group>";
		};
		4126509C2808B32000D7FB2E /* Cells */ = {
			isa = PBXGroup;
			children = (
				412650A92808B3AF00D7FB2E /* Recipe */,
				412650AA2808B3B500D7FB2E /* Filter */,
				412650AB2808B3BB00D7FB2E /* Suggestion */,
			);
			path = Cells;
			sourceTree = "<group>";
		};
		412650A92808B3AF00D7FB2E /* Recipe */ = {
			isa = PBXGroup;
			children = (
				4126509D2808B34800D7FB2E /* RecipeCell.swift */,
				4126509E2808B34800D7FB2E /* RecipeCell.xib */,
			);
			path = Recipe;
			sourceTree = "<group>";
		};
		412650AA2808B3B500D7FB2E /* Filter */ = {
			isa = PBXGroup;
			children = (
				412650A12808B37A00D7FB2E /* FilterCell.swift */,
				412650A22808B37A00D7FB2E /* FilterCell.xib */,
			);
			path = Filter;
			sourceTree = "<group>";
		};
		412650AB2808B3BB00D7FB2E /* Suggestion */ = {
			isa = PBXGroup;
			children = (
				412650A52808B3A000D7FB2E /* SuggestionCell.swift */,
				412650A62808B3A000D7FB2E /* SuggestionCell.xib */,
			);
			path = Suggestion;
			sourceTree = "<group>";
		};
		417474BE2808D32A00AAAB95 /* Helpers */ = {
			isa = PBXGroup;
			children = (
			);
			path = Helpers;
			sourceTree = "<group>";
		};
		4178A87F2808FACA00EA7E85 /* Networking */ = {
			isa = PBXGroup;
			children = (
				4178A8822809932D00EA7E85 /* RecipeAPIManager.swift */,
			);
			path = Networking;
			sourceTree = "<group>";
		};
		5D1DC1D410F66B8D42410C82 /* Pods */ = {
			isa = PBXGroup;
			children = (
				024B341DDA457512A06ACA42 /* Pods-SoftxpertTask.debug.xcconfig */,
				DB3382D2E325D00C0AC0B0BE /* Pods-SoftxpertTask.release.xcconfig */,
				1E5C4526E918731BF795739D /* Pods-SoftxpertTask-SoftxpertTaskUITests.debug.xcconfig */,
				6B4B18A0FF0DC90850F8AAED /* Pods-SoftxpertTask-SoftxpertTaskUITests.release.xcconfig */,
				F20BB50A6DA70BFE5A09E8E8 /* Pods-SoftxpertTaskTests.debug.xcconfig */,
				241F599020E363548AF1A78C /* Pods-SoftxpertTaskTests.release.xcconfig */,
			);
			path = Pods;
			sourceTree = "<group>";
		};
		7DAA237514255D5FBD59B212 /* Frameworks */ = {
			isa = PBXGroup;
			children = (
				3094297381F59B567F4A2C91 /* Pods_SoftxpertTask.framework */,
				4FBF4F8CAC7E3B2A393A9EC5 /* Pods_SoftxpertTask_SoftxpertTaskUITests.framework */,
				2400D378DD8C26FE3865A9D4 /* Pods_SoftxpertTaskTests.framework */,
			);
			name = Frameworks;
			sourceTree = "<group>";
		};
/* End PBXGroup section */

/* Begin PBXNativeTarget section */
		4106BA5E2804B35B0018B2CB /* SoftxpertTask */ = {
			isa = PBXNativeTarget;
			buildConfigurationList = 4106BA892804B35E0018B2CB /* Build configuration list for PBXNativeTarget "SoftxpertTask" */;
			buildPhases = (
				A001AED45EA53B8A9B7BD657 /* [CP] Check Pods Manifest.lock */,
				4106BA5B2804B35B0018B2CB /* Sources */,
				4106BA5C2804B35B0018B2CB /* Frameworks */,
				4106BA5D2804B35B0018B2CB /* Resources */,
				D37AF25A8D7AB285AD5DCAD6 /* [CP] Embed Pods Frameworks */,
			);
			buildRules = (
			);
			dependencies = (
			);
			name = SoftxpertTask;
			productName = SoftxpertTask;
			productReference = 4106BA5F2804B35B0018B2CB /* SoftxpertTask.app */;
			productType = "com.apple.product-type.application";
		};
		4106BA742804B35E0018B2CB /* SoftxpertTaskTests */ = {
			isa = PBXNativeTarget;
			buildConfigurationList = 4106BA8C2804B35E0018B2CB /* Build configuration list for PBXNativeTarget "SoftxpertTaskTests" */;
			buildPhases = (
				A4CD878D466D951AF1061900 /* [CP] Check Pods Manifest.lock */,
				4106BA712804B35E0018B2CB /* Sources */,
				4106BA722804B35E0018B2CB /* Frameworks */,
				4106BA732804B35E0018B2CB /* Resources */,
			);
			buildRules = (
			);
			dependencies = (
				4106BA772804B35E0018B2CB /* PBXTargetDependency */,
			);
			name = SoftxpertTaskTests;
			productName = SoftxpertTaskTests;
			productReference = 4106BA752804B35E0018B2CB /* SoftxpertTaskTests.xctest */;
			productType = "com.apple.product-type.bundle.unit-test";
		};
		4106BA7E2804B35E0018B2CB /* SoftxpertTaskUITests */ = {
			isa = PBXNativeTarget;
			buildConfigurationList = 4106BA8F2804B35E0018B2CB /* Build configuration list for PBXNativeTarget "SoftxpertTaskUITests" */;
			buildPhases = (
				7EEDC775E014E589A6670867 /* [CP] Check Pods Manifest.lock */,
				4106BA7B2804B35E0018B2CB /* Sources */,
				4106BA7C2804B35E0018B2CB /* Frameworks */,
				4106BA7D2804B35E0018B2CB /* Resources */,
				F901648D50D543ECD42F0F77 /* [CP] Embed Pods Frameworks */,
			);
			buildRules = (
			);
			dependencies = (
				4106BA812804B35E0018B2CB /* PBXTargetDependency */,
			);
			name = SoftxpertTaskUITests;
			productName = SoftxpertTaskUITests;
			productReference = 4106BA7F2804B35E0018B2CB /* SoftxpertTaskUITests.xctest */;
			productType = "com.apple.product-type.bundle.ui-testing";
		};
/* End PBXNativeTarget section */

/* Begin PBXProject section */
		4106BA572804B35B0018B2CB /* Project object */ = {
			isa = PBXProject;
			attributes = {
				BuildIndependentTargetsInParallel = 1;
				LastSwiftUpdateCheck = 1330;
				LastUpgradeCheck = 1330;
				TargetAttributes = {
					4106BA5E2804B35B0018B2CB = {
						CreatedOnToolsVersion = 13.3;
					};
					4106BA742804B35E0018B2CB = {
						CreatedOnToolsVersion = 13.3;
						TestTargetID = 4106BA5E2804B35B0018B2CB;
					};
					4106BA7E2804B35E0018B2CB = {
						CreatedOnToolsVersion = 13.3;
						TestTargetID = 4106BA5E2804B35B0018B2CB;
					};
				};
			};
			buildConfigurationList = 4106BA5A2804B35B0018B2CB /* Build configuration list for PBXProject "SoftxpertTask" */;
			compatibilityVersion = "Xcode 13.0";
			developmentRegion = en;
			hasScannedForEncodings = 0;
			knownRegions = (
				en,
				Base,
			);
			mainGroup = 4106BA562804B35B0018B2CB;
			productRefGroup = 4106BA602804B35B0018B2CB /* Products */;
			projectDirPath = "";
			projectRoot = "";
			targets = (
				4106BA5E2804B35B0018B2CB /* SoftxpertTask */,
				4106BA742804B35E0018B2CB /* SoftxpertTaskTests */,
				4106BA7E2804B35E0018B2CB /* SoftxpertTaskUITests */,
			);
		};
/* End PBXProject section */

/* Begin PBXResourcesBuildPhase section */
		4106BA5D2804B35B0018B2CB /* Resources */ = {
			isa = PBXResourcesBuildPhase;
			buildActionMask = 2147483647;
			files = (
				4106BA6F2804B35E0018B2CB /* LaunchScreen.storyboard in Resources */,
				412650A82808B3A000D7FB2E /* SuggestionCell.xib in Resources */,
				4106BA6C2804B35E0018B2CB /* Assets.xcassets in Resources */,
				4106BA6A2804B35B0018B2CB /* Main.storyboard in Resources */,
				412650A02808B34800D7FB2E /* RecipeCell.xib in Resources */,
				412650A42808B37A00D7FB2E /* FilterCell.xib in Resources */,
			);
			runOnlyForDeploymentPostprocessing = 0;
		};
		4106BA732804B35E0018B2CB /* Resources */ = {
			isa = PBXResourcesBuildPhase;
			buildActionMask = 2147483647;
			files = (
			);
			runOnlyForDeploymentPostprocessing = 0;
		};
		4106BA7D2804B35E0018B2CB /* Resources */ = {
			isa = PBXResourcesBuildPhase;
			buildActionMask = 2147483647;
			files = (
			);
			runOnlyForDeploymentPostprocessing = 0;
		};
/* End PBXResourcesBuildPhase section */

/* Begin PBXShellScriptBuildPhase section */
		7EEDC775E014E589A6670867 /* [CP] Check Pods Manifest.lock */ = {
			isa = PBXShellScriptBuildPhase;
			buildActionMask = 2147483647;
			files = (
			);
			inputFileListPaths = (
			);
			inputPaths = (
				"${PODS_PODFILE_DIR_PATH}/Podfile.lock",
				"${PODS_ROOT}/Manifest.lock",
			);
			name = "[CP] Check Pods Manifest.lock";
			outputFileListPaths = (
			);
			outputPaths = (
				"$(DERIVED_FILE_DIR)/Pods-SoftxpertTask-SoftxpertTaskUITests-checkManifestLockResult.txt",
			);
			runOnlyForDeploymentPostprocessing = 0;
			shellPath = /bin/sh;
			shellScript = "diff \"${PODS_PODFILE_DIR_PATH}/Podfile.lock\" \"${PODS_ROOT}/Manifest.lock\" > /dev/null\nif [ $? != 0 ] ; then\n    # print error to STDERR\n    echo \"error: The sandbox is not in sync with the Podfile.lock. Run 'pod install' or update your CocoaPods installation.\" >&2\n    exit 1\nfi\n# This output is used by Xcode 'outputs' to avoid re-running this script phase.\necho \"SUCCESS\" > \"${SCRIPT_OUTPUT_FILE_0}\"\n";
			showEnvVarsInLog = 0;
		};
		A001AED45EA53B8A9B7BD657 /* [CP] Check Pods Manifest.lock */ = {
			isa = PBXShellScriptBuildPhase;
			buildActionMask = 2147483647;
			files = (
			);
			inputFileListPaths = (
			);
			inputPaths = (
				"${PODS_PODFILE_DIR_PATH}/Podfile.lock",
				"${PODS_ROOT}/Manifest.lock",
			);
			name = "[CP] Check Pods Manifest.lock";
			outputFileListPaths = (
			);
			outputPaths = (
				"$(DERIVED_FILE_DIR)/Pods-SoftxpertTask-checkManifestLockResult.txt",
			);
			runOnlyForDeploymentPostprocessing = 0;
			shellPath = /bin/sh;
			shellScript = "diff \"${PODS_PODFILE_DIR_PATH}/Podfile.lock\" \"${PODS_ROOT}/Manifest.lock\" > /dev/null\nif [ $? != 0 ] ; then\n    # print error to STDERR\n    echo \"error: The sandbox is not in sync with the Podfile.lock. Run 'pod install' or update your CocoaPods installation.\" >&2\n    exit 1\nfi\n# This output is used by Xcode 'outputs' to avoid re-running this script phase.\necho \"SUCCESS\" > \"${SCRIPT_OUTPUT_FILE_0}\"\n";
			showEnvVarsInLog = 0;
		};
		A4CD878D466D951AF1061900 /* [CP] Check Pods Manifest.lock */ = {
			isa = PBXShellScriptBuildPhase;
			buildActionMask = 2147483647;
			files = (
			);
			inputFileListPaths = (
			);
			inputPaths = (
				"${PODS_PODFILE_DIR_PATH}/Podfile.lock",
				"${PODS_ROOT}/Manifest.lock",
			);
			name = "[CP] Check Pods Manifest.lock";
			outputFileListPaths = (
			);
			outputPaths = (
				"$(DERIVED_FILE_DIR)/Pods-SoftxpertTaskTests-checkManifestLockResult.txt",
			);
			runOnlyForDeploymentPostprocessing = 0;
			shellPath = /bin/sh;
			shellScript = "diff \"${PODS_PODFILE_DIR_PATH}/Podfile.lock\" \"${PODS_ROOT}/Manifest.lock\" > /dev/null\nif [ $? != 0 ] ; then\n    # print error to STDERR\n    echo \"error: The sandbox is not in sync with the Podfile.lock. Run 'pod install' or update your CocoaPods installation.\" >&2\n    exit 1\nfi\n# This output is used by Xcode 'outputs' to avoid re-running this script phase.\necho \"SUCCESS\" > \"${SCRIPT_OUTPUT_FILE_0}\"\n";
			showEnvVarsInLog = 0;
		};
		D37AF25A8D7AB285AD5DCAD6 /* [CP] Embed Pods Frameworks */ = {
			isa = PBXShellScriptBuildPhase;
			buildActionMask = 2147483647;
			files = (
			);
			inputFileListPaths = (
				"${PODS_ROOT}/Target Support Files/Pods-SoftxpertTask/Pods-SoftxpertTask-frameworks-${CONFIGURATION}-input-files.xcfilelist",
			);
			name = "[CP] Embed Pods Frameworks";
			outputFileListPaths = (
				"${PODS_ROOT}/Target Support Files/Pods-SoftxpertTask/Pods-SoftxpertTask-frameworks-${CONFIGURATION}-output-files.xcfilelist",
			);
			runOnlyForDeploymentPostprocessing = 0;
			shellPath = /bin/sh;
			shellScript = "\"${PODS_ROOT}/Target Support Files/Pods-SoftxpertTask/Pods-SoftxpertTask-frameworks.sh\"\n";
			showEnvVarsInLog = 0;
		};
		F901648D50D543ECD42F0F77 /* [CP] Embed Pods Frameworks */ = {
			isa = PBXShellScriptBuildPhase;
			buildActionMask = 2147483647;
			files = (
			);
			inputFileListPaths = (
				"${PODS_ROOT}/Target Support Files/Pods-SoftxpertTask-SoftxpertTaskUITests/Pods-SoftxpertTask-SoftxpertTaskUITests-frameworks-${CONFIGURATION}-input-files.xcfilelist",
			);
			name = "[CP] Embed Pods Frameworks";
			outputFileListPaths = (
				"${PODS_ROOT}/Target Support Files/Pods-SoftxpertTask-SoftxpertTaskUITests/Pods-SoftxpertTask-SoftxpertTaskUITests-frameworks-${CONFIGURATION}-output-files.xcfilelist",
			);
			runOnlyForDeploymentPostprocessing = 0;
			shellPath = /bin/sh;
			shellScript = "\"${PODS_ROOT}/Target Support Files/Pods-SoftxpertTask-SoftxpertTaskUITests/Pods-SoftxpertTask-SoftxpertTaskUITests-frameworks.sh\"\n";
			showEnvVarsInLog = 0;
		};
/* End PBXShellScriptBuildPhase section */

/* Begin PBXSourcesBuildPhase section */
		4106BA5B2804B35B0018B2CB /* Sources */ = {
			isa = PBXSourcesBuildPhase;
			buildActionMask = 2147483647;
			files = (
				417474BD2808C94400AAAB95 /* UICollectionView+Extensions.swift in Sources */,
				4178A87A2808EBAF00EA7E85 /* SearchInteractor.swift in Sources */,
				4178A87E2808EC8100EA7E85 /* SearchProtocols.swift in Sources */,
				4178A8782808EB5A00EA7E85 /* SearchPresenter.swift in Sources */,
				412650912808A6EB00D7FB2E /* SearchVC.swift in Sources */,
				412650A32808B37A00D7FB2E /* FilterCell.swift in Sources */,
				412650A72808B3A000D7FB2E /* SuggestionCell.swift in Sources */,
				4178A87C2808EBC400EA7E85 /* SearchRouter.swift in Sources */,
				4178A8892809F53400EA7E85 /* FilterViewModel.swift in Sources */,
				4106BA672804B35B0018B2CB /* ViewController.swift in Sources */,
				4106BA632804B35B0018B2CB /* AppDelegate.swift in Sources */,
				4178A88128090A7B00EA7E85 /* RecipeViewModel.swift in Sources */,
				4178A8832809932D00EA7E85 /* RecipeAPIManager.swift in Sources */,
				4126509B2808B2C700D7FB2E /* DetailsVC.swift in Sources */,
				4126509F2808B34800D7FB2E /* RecipeCell.swift in Sources */,
				417474BB2808C92F00AAAB95 /* UITableView+Extensions.swift in Sources */,
				412650972808AD2A00D7FB2E /* UserDefaultsManager.swift in Sources */,
				4178A8872809C21300EA7E85 /* SearchVC+CollectionView.swift in Sources */,
				4178A8852809C1FE00EA7E85 /* SearchVC+TableViews.swift in Sources */,
				4106BA652804B35B0018B2CB /* SceneDelegate.swift in Sources */,
				412650932808A73800D7FB2E /* Recipe.swift in Sources */,
				412650952808A7DD00D7FB2E /* Constants.swift in Sources */,
			);
			runOnlyForDeploymentPostprocessing = 0;
		};
		4106BA712804B35E0018B2CB /* Sources */ = {
			isa = PBXSourcesBuildPhase;
			buildActionMask = 2147483647;
			files = (
				4106BA7A2804B35E0018B2CB /* SoftxpertTaskTests.swift in Sources */,
			);
			runOnlyForDeploymentPostprocessing = 0;
		};
		4106BA7B2804B35E0018B2CB /* Sources */ = {
			isa = PBXSourcesBuildPhase;
			buildActionMask = 2147483647;
			files = (
				4106BA842804B35E0018B2CB /* SoftxpertTaskUITests.swift in Sources */,
				4106BA862804B35E0018B2CB /* SoftxpertTaskUITestsLaunchTests.swift in Sources */,
			);
			runOnlyForDeploymentPostprocessing = 0;
		};
/* End PBXSourcesBuildPhase section */

/* Begin PBXTargetDependency section */
		4106BA772804B35E0018B2CB /* PBXTargetDependency */ = {
			isa = PBXTargetDependency;
			target = 4106BA5E2804B35B0018B2CB /* SoftxpertTask */;
			targetProxy = 4106BA762804B35E0018B2CB /* PBXContainerItemProxy */;
		};
		4106BA812804B35E0018B2CB /* PBXTargetDependency */ = {
			isa = PBXTargetDependency;
			target = 4106BA5E2804B35B0018B2CB /* SoftxpertTask */;
			targetProxy = 4106BA802804B35E0018B2CB /* PBXContainerItemProxy */;
		};
/* End PBXTargetDependency section */

/* Begin PBXVariantGroup section */
		4106BA682804B35B0018B2CB /* Main.storyboard */ = {
			isa = PBXVariantGroup;
			children = (
				4106BA692804B35B0018B2CB /* Base */,
			);
			name = Main.storyboard;
			sourceTree = "<group>";
		};
		4106BA6D2804B35E0018B2CB /* LaunchScreen.storyboard */ = {
			isa = PBXVariantGroup;
			children = (
				4106BA6E2804B35E0018B2CB /* Base */,
			);
			name = LaunchScreen.storyboard;
			sourceTree = "<group>";
		};
/* End PBXVariantGroup section */

/* Begin XCBuildConfiguration section */
		4106BA872804B35E0018B2CB /* Debug */ = {
			isa = XCBuildConfiguration;
			buildSettings = {
				ALWAYS_SEARCH_USER_PATHS = NO;
				CLANG_ANALYZER_NONNULL = YES;
				CLANG_ANALYZER_NUMBER_OBJECT_CONVERSION = YES_AGGRESSIVE;
				CLANG_CXX_LANGUAGE_STANDARD = "gnu++17";
				CLANG_ENABLE_MODULES = YES;
				CLANG_ENABLE_OBJC_ARC = YES;
				CLANG_ENABLE_OBJC_WEAK = YES;
				CLANG_WARN_BLOCK_CAPTURE_AUTORELEASING = YES;
				CLANG_WARN_BOOL_CONVERSION = YES;
				CLANG_WARN_COMMA = YES;
				CLANG_WARN_CONSTANT_CONVERSION = YES;
				CLANG_WARN_DEPRECATED_OBJC_IMPLEMENTATIONS = YES;
				CLANG_WARN_DIRECT_OBJC_ISA_USAGE = YES_ERROR;
				CLANG_WARN_DOCUMENTATION_COMMENTS = YES;
				CLANG_WARN_EMPTY_BODY = YES;
				CLANG_WARN_ENUM_CONVERSION = YES;
				CLANG_WARN_INFINITE_RECURSION = YES;
				CLANG_WARN_INT_CONVERSION = YES;
				CLANG_WARN_NON_LITERAL_NULL_CONVERSION = YES;
				CLANG_WARN_OBJC_IMPLICIT_RETAIN_SELF = YES;
				CLANG_WARN_OBJC_LITERAL_CONVERSION = YES;
				CLANG_WARN_OBJC_ROOT_CLASS = YES_ERROR;
				CLANG_WARN_QUOTED_INCLUDE_IN_FRAMEWORK_HEADER = YES;
				CLANG_WARN_RANGE_LOOP_ANALYSIS = YES;
				CLANG_WARN_STRICT_PROTOTYPES = YES;
				CLANG_WARN_SUSPICIOUS_MOVE = YES;
				CLANG_WARN_UNGUARDED_AVAILABILITY = YES_AGGRESSIVE;
				CLANG_WARN_UNREACHABLE_CODE = YES;
				CLANG_WARN__DUPLICATE_METHOD_MATCH = YES;
				COPY_PHASE_STRIP = NO;
				DEBUG_INFORMATION_FORMAT = dwarf;
				ENABLE_STRICT_OBJC_MSGSEND = YES;
				ENABLE_TESTABILITY = YES;
				GCC_C_LANGUAGE_STANDARD = gnu11;
				GCC_DYNAMIC_NO_PIC = NO;
				GCC_NO_COMMON_BLOCKS = YES;
				GCC_OPTIMIZATION_LEVEL = 0;
				GCC_PREPROCESSOR_DEFINITIONS = (
					"DEBUG=1",
					"$(inherited)",
				);
				GCC_WARN_64_TO_32_BIT_CONVERSION = YES;
				GCC_WARN_ABOUT_RETURN_TYPE = YES_ERROR;
				GCC_WARN_UNDECLARED_SELECTOR = YES;
				GCC_WARN_UNINITIALIZED_AUTOS = YES_AGGRESSIVE;
				GCC_WARN_UNUSED_FUNCTION = YES;
				GCC_WARN_UNUSED_VARIABLE = YES;
				IPHONEOS_DEPLOYMENT_TARGET = 11.0;
				MTL_ENABLE_DEBUG_INFO = INCLUDE_SOURCE;
				MTL_FAST_MATH = YES;
				ONLY_ACTIVE_ARCH = YES;
				SDKROOT = iphoneos;
				SWIFT_ACTIVE_COMPILATION_CONDITIONS = DEBUG;
				SWIFT_OPTIMIZATION_LEVEL = "-Onone";
			};
			name = Debug;
		};
		4106BA882804B35E0018B2CB /* Release */ = {
			isa = XCBuildConfiguration;
			buildSettings = {
				ALWAYS_SEARCH_USER_PATHS = NO;
				CLANG_ANALYZER_NONNULL = YES;
				CLANG_ANALYZER_NUMBER_OBJECT_CONVERSION = YES_AGGRESSIVE;
				CLANG_CXX_LANGUAGE_STANDARD = "gnu++17";
				CLANG_ENABLE_MODULES = YES;
				CLANG_ENABLE_OBJC_ARC = YES;
				CLANG_ENABLE_OBJC_WEAK = YES;
				CLANG_WARN_BLOCK_CAPTURE_AUTORELEASING = YES;
				CLANG_WARN_BOOL_CONVERSION = YES;
				CLANG_WARN_COMMA = YES;
				CLANG_WARN_CONSTANT_CONVERSION = YES;
				CLANG_WARN_DEPRECATED_OBJC_IMPLEMENTATIONS = YES;
				CLANG_WARN_DIRECT_OBJC_ISA_USAGE = YES_ERROR;
				CLANG_WARN_DOCUMENTATION_COMMENTS = YES;
				CLANG_WARN_EMPTY_BODY = YES;
				CLANG_WARN_ENUM_CONVERSION = YES;
				CLANG_WARN_INFINITE_RECURSION = YES;
				CLANG_WARN_INT_CONVERSION = YES;
				CLANG_WARN_NON_LITERAL_NULL_CONVERSION = YES;
				CLANG_WARN_OBJC_IMPLICIT_RETAIN_SELF = YES;
				CLANG_WARN_OBJC_LITERAL_CONVERSION = YES;
				CLANG_WARN_OBJC_ROOT_CLASS = YES_ERROR;
				CLANG_WARN_QUOTED_INCLUDE_IN_FRAMEWORK_HEADER = YES;
				CLANG_WARN_RANGE_LOOP_ANALYSIS = YES;
				CLANG_WARN_STRICT_PROTOTYPES = YES;
				CLANG_WARN_SUSPICIOUS_MOVE = YES;
				CLANG_WARN_UNGUARDED_AVAILABILITY = YES_AGGRESSIVE;
				CLANG_WARN_UNREACHABLE_CODE = YES;
				CLANG_WARN__DUPLICATE_METHOD_MATCH = YES;
				COPY_PHASE_STRIP = NO;
				DEBUG_INFORMATION_FORMAT = "dwarf-with-dsym";
				ENABLE_NS_ASSERTIONS = NO;
				ENABLE_STRICT_OBJC_MSGSEND = YES;
				GCC_C_LANGUAGE_STANDARD = gnu11;
				GCC_NO_COMMON_BLOCKS = YES;
				GCC_WARN_64_TO_32_BIT_CONVERSION = YES;
				GCC_WARN_ABOUT_RETURN_TYPE = YES_ERROR;
				GCC_WARN_UNDECLARED_SELECTOR = YES;
				GCC_WARN_UNINITIALIZED_AUTOS = YES_AGGRESSIVE;
				GCC_WARN_UNUSED_FUNCTION = YES;
				GCC_WARN_UNUSED_VARIABLE = YES;
				IPHONEOS_DEPLOYMENT_TARGET = 11.0;
				MTL_ENABLE_DEBUG_INFO = NO;
				MTL_FAST_MATH = YES;
				SDKROOT = iphoneos;
				SWIFT_COMPILATION_MODE = wholemodule;
				SWIFT_OPTIMIZATION_LEVEL = "-O";
				VALIDATE_PRODUCT = YES;
			};
			name = Release;
		};
		4106BA8A2804B35E0018B2CB /* Debug */ = {
			isa = XCBuildConfiguration;
			baseConfigurationReference = 024B341DDA457512A06ACA42 /* Pods-SoftxpertTask.debug.xcconfig */;
			buildSettings = {
				ASSETCATALOG_COMPILER_APPICON_NAME = AppIcon;
				ASSETCATALOG_COMPILER_GLOBAL_ACCENT_COLOR_NAME = AccentColor;
				CODE_SIGN_STYLE = Automatic;
				CURRENT_PROJECT_VERSION = 1;
				GENERATE_INFOPLIST_FILE = YES;
				INFOPLIST_FILE = SoftxpertTask/Info.plist;
				INFOPLIST_KEY_UIApplicationSupportsIndirectInputEvents = YES;
				INFOPLIST_KEY_UILaunchStoryboardName = LaunchScreen;
				INFOPLIST_KEY_UIMainStoryboardFile = Main;
				INFOPLIST_KEY_UISupportedInterfaceOrientations_iPad = "UIInterfaceOrientationPortrait UIInterfaceOrientationPortraitUpsideDown UIInterfaceOrientationLandscapeLeft UIInterfaceOrientationLandscapeRight";
				INFOPLIST_KEY_UISupportedInterfaceOrientations_iPhone = "UIInterfaceOrientationPortrait UIInterfaceOrientationLandscapeLeft UIInterfaceOrientationLandscapeRight";
				LD_RUNPATH_SEARCH_PATHS = (
					"$(inherited)",
					"@executable_path/Frameworks",
				);
				MARKETING_VERSION = 1.0;
				PRODUCT_BUNDLE_IDENTIFIER = com.belalsamyyy.SoftxpertTask;
				PRODUCT_NAME = "$(TARGET_NAME)";
				SWIFT_EMIT_LOC_STRINGS = YES;
				SWIFT_VERSION = 5.0;
				TARGETED_DEVICE_FAMILY = "1,2";
			};
			name = Debug;
		};
		4106BA8B2804B35E0018B2CB /* Release */ = {
			isa = XCBuildConfiguration;
			baseConfigurationReference = DB3382D2E325D00C0AC0B0BE /* Pods-SoftxpertTask.release.xcconfig */;
			buildSettings = {
				ASSETCATALOG_COMPILER_APPICON_NAME = AppIcon;
				ASSETCATALOG_COMPILER_GLOBAL_ACCENT_COLOR_NAME = AccentColor;
				CODE_SIGN_STYLE = Automatic;
				CURRENT_PROJECT_VERSION = 1;
				GENERATE_INFOPLIST_FILE = YES;
				INFOPLIST_FILE = SoftxpertTask/Info.plist;
				INFOPLIST_KEY_UIApplicationSupportsIndirectInputEvents = YES;
				INFOPLIST_KEY_UILaunchStoryboardName = LaunchScreen;
				INFOPLIST_KEY_UIMainStoryboardFile = Main;
				INFOPLIST_KEY_UISupportedInterfaceOrientations_iPad = "UIInterfaceOrientationPortrait UIInterfaceOrientationPortraitUpsideDown UIInterfaceOrientationLandscapeLeft UIInterfaceOrientationLandscapeRight";
				INFOPLIST_KEY_UISupportedInterfaceOrientations_iPhone = "UIInterfaceOrientationPortrait UIInterfaceOrientationLandscapeLeft UIInterfaceOrientationLandscapeRight";
				LD_RUNPATH_SEARCH_PATHS = (
					"$(inherited)",
					"@executable_path/Frameworks",
				);
				MARKETING_VERSION = 1.0;
				PRODUCT_BUNDLE_IDENTIFIER = com.belalsamyyy.SoftxpertTask;
				PRODUCT_NAME = "$(TARGET_NAME)";
				SWIFT_EMIT_LOC_STRINGS = YES;
				SWIFT_VERSION = 5.0;
				TARGETED_DEVICE_FAMILY = "1,2";
			};
			name = Release;
		};
		4106BA8D2804B35E0018B2CB /* Debug */ = {
			isa = XCBuildConfiguration;
			baseConfigurationReference = F20BB50A6DA70BFE5A09E8E8 /* Pods-SoftxpertTaskTests.debug.xcconfig */;
			buildSettings = {
				ALWAYS_EMBED_SWIFT_STANDARD_LIBRARIES = YES;
				BUNDLE_LOADER = "$(TEST_HOST)";
				CODE_SIGN_STYLE = Automatic;
				CURRENT_PROJECT_VERSION = 1;
				GENERATE_INFOPLIST_FILE = YES;
				IPHONEOS_DEPLOYMENT_TARGET = 15.4;
				MARKETING_VERSION = 1.0;
				PRODUCT_BUNDLE_IDENTIFIER = com.belalsamyyy.SoftxpertTaskTests;
				PRODUCT_NAME = "$(TARGET_NAME)";
				SWIFT_EMIT_LOC_STRINGS = NO;
				SWIFT_VERSION = 5.0;
				TARGETED_DEVICE_FAMILY = "1,2";
				TEST_HOST = "$(BUILT_PRODUCTS_DIR)/SoftxpertTask.app/SoftxpertTask";
			};
			name = Debug;
		};
		4106BA8E2804B35E0018B2CB /* Release */ = {
			isa = XCBuildConfiguration;
			baseConfigurationReference = 241F599020E363548AF1A78C /* Pods-SoftxpertTaskTests.release.xcconfig */;
			buildSettings = {
				ALWAYS_EMBED_SWIFT_STANDARD_LIBRARIES = YES;
				BUNDLE_LOADER = "$(TEST_HOST)";
				CODE_SIGN_STYLE = Automatic;
				CURRENT_PROJECT_VERSION = 1;
				GENERATE_INFOPLIST_FILE = YES;
				IPHONEOS_DEPLOYMENT_TARGET = 15.4;
				MARKETING_VERSION = 1.0;
				PRODUCT_BUNDLE_IDENTIFIER = com.belalsamyyy.SoftxpertTaskTests;
				PRODUCT_NAME = "$(TARGET_NAME)";
				SWIFT_EMIT_LOC_STRINGS = NO;
				SWIFT_VERSION = 5.0;
				TARGETED_DEVICE_FAMILY = "1,2";
				TEST_HOST = "$(BUILT_PRODUCTS_DIR)/SoftxpertTask.app/SoftxpertTask";
			};
			name = Release;
		};
		4106BA902804B35E0018B2CB /* Debug */ = {
			isa = XCBuildConfiguration;
			baseConfigurationReference = 1E5C4526E918731BF795739D /* Pods-SoftxpertTask-SoftxpertTaskUITests.debug.xcconfig */;
			buildSettings = {
				ALWAYS_EMBED_SWIFT_STANDARD_LIBRARIES = YES;
				CODE_SIGN_STYLE = Automatic;
				CURRENT_PROJECT_VERSION = 1;
				GENERATE_INFOPLIST_FILE = YES;
				MARKETING_VERSION = 1.0;
				PRODUCT_BUNDLE_IDENTIFIER = com.belalsamyyy.SoftxpertTaskUITests;
				PRODUCT_NAME = "$(TARGET_NAME)";
				SWIFT_EMIT_LOC_STRINGS = NO;
				SWIFT_VERSION = 5.0;
				TARGETED_DEVICE_FAMILY = "1,2";
				TEST_TARGET_NAME = SoftxpertTask;
			};
			name = Debug;
		};
		4106BA912804B35E0018B2CB /* Release */ = {
			isa = XCBuildConfiguration;
			baseConfigurationReference = 6B4B18A0FF0DC90850F8AAED /* Pods-SoftxpertTask-SoftxpertTaskUITests.release.xcconfig */;
			buildSettings = {
				ALWAYS_EMBED_SWIFT_STANDARD_LIBRARIES = YES;
				CODE_SIGN_STYLE = Automatic;
				CURRENT_PROJECT_VERSION = 1;
				GENERATE_INFOPLIST_FILE = YES;
				MARKETING_VERSION = 1.0;
				PRODUCT_BUNDLE_IDENTIFIER = com.belalsamyyy.SoftxpertTaskUITests;
				PRODUCT_NAME = "$(TARGET_NAME)";
				SWIFT_EMIT_LOC_STRINGS = NO;
				SWIFT_VERSION = 5.0;
				TARGETED_DEVICE_FAMILY = "1,2";
				TEST_TARGET_NAME = SoftxpertTask;
			};
			name = Release;
		};
/* End XCBuildConfiguration section */

/* Begin XCConfigurationList section */
		4106BA5A2804B35B0018B2CB /* Build configuration list for PBXProject "SoftxpertTask" */ = {
			isa = XCConfigurationList;
			buildConfigurations = (
				4106BA872804B35E0018B2CB /* Debug */,
				4106BA882804B35E0018B2CB /* Release */,
			);
			defaultConfigurationIsVisible = 0;
			defaultConfigurationName = Release;
		};
		4106BA892804B35E0018B2CB /* Build configuration list for PBXNativeTarget "SoftxpertTask" */ = {
			isa = XCConfigurationList;
			buildConfigurations = (
				4106BA8A2804B35E0018B2CB /* Debug */,
				4106BA8B2804B35E0018B2CB /* Release */,
			);
			defaultConfigurationIsVisible = 0;
			defaultConfigurationName = Release;
		};
		4106BA8C2804B35E0018B2CB /* Build configuration list for PBXNativeTarget "SoftxpertTaskTests" */ = {
			isa = XCConfigurationList;
			buildConfigurations = (
				4106BA8D2804B35E0018B2CB /* Debug */,
				4106BA8E2804B35E0018B2CB /* Release */,
			);
			defaultConfigurationIsVisible = 0;
			defaultConfigurationName = Release;
		};
		4106BA8F2804B35E0018B2CB /* Build configuration list for PBXNativeTarget "SoftxpertTaskUITests" */ = {
			isa = XCConfigurationList;
			buildConfigurations = (
				4106BA902804B35E0018B2CB /* Debug */,
				4106BA912804B35E0018B2CB /* Release */,
			);
			defaultConfigurationIsVisible = 0;
			defaultConfigurationName = Release;
		};
/* End XCConfigurationList section */
	};
	rootObject = 4106BA572804B35B0018B2CB /* Project object */;
}
